
Microsoft Visual Studio Solution File, Format Version 12.00
# Visual Studio Version 17
VisualStudioVersion = 17.5.33414.496
MinimumVisualStudioVersion = 10.0.40219.1
Project("{FAE04EC0-301F-11D3-BF4B-00C04F79EFBC}") = "DT191GProjekt", "DT191GProjekt\DT191GProjekt.csproj", "{CBCEABE2-0A82-4F0A-8383-C6123151CD82}"
EndProject
Global
	GlobalSection(SolutionConfigurationPlatforms) = preSolution
		Debug|Any CPU = Debug|Any CPU
		Release|Any CPU = Release|Any CPU
	EndGlobalSection
	GlobalSection(ProjectConfigurationPlatforms) = postSolution
		{CBCEABE2-0A82-4F0A-8383-C6123151CD82}.Debug|Any CPU.ActiveCfg = Debug|Any CPU
		{CBCEABE2-0A82-4F0A-8383-C6123151CD82}.Debug|Any CPU.Build.0 = Debug|Any CPU
		{CBCEABE2-0A82-4F0A-8383-C6123151CD82}.Release|Any CPU.ActiveCfg = Release|Any CPU
		{CBCEABE2-0A82-4F0A-8383-C6123151CD82}.Release|Any CPU.Build.0 = Release|Any CPU
	EndGlobalSection
	GlobalSection(SolutionProperties) = preSolution
		HideSolutionNode = FALSE
	EndGlobalSection
	GlobalSection(ExtensibilityGlobals) = postSolution
		SolutionGuid = {BC7BAFAD-3985-4E6C-BB56-8B7D3FF92E24}
	EndGlobalSection
EndGlobal
